
Microsoft Visual Studio Solution File, Format Version 12.00
# Visual Studio 15
Project("{FAE04EC0-301F-11D3-BF4B-00C04F79EFBC}") = "SteamVR", "SteamVR.csproj", "{4E45F685-4DC3-B315-8141-D02266F3F9D2}"
EndProject
Project("{FAE04EC0-301F-11D3-BF4B-00C04F79EFBC}") = "Assembly-CSharp-firstpass", "Assembly-CSharp-firstpass.csproj", "{F5E9CC97-7342-BE0C-DA3A-67E8F904B669}"
EndProject
Project("{FAE04EC0-301F-11D3-BF4B-00C04F79EFBC}") = "Assembly-CSharp", "Assembly-CSharp.csproj", "{5B5F5FAF-CEFA-BC3B-06D4-9D2C2D6D4BD3}"
EndProject
Project("{FAE04EC0-301F-11D3-BF4B-00C04F79EFBC}") = "SteamVR_Input_Editor", "SteamVR_Input_Editor.csproj", "{1F9506EC-1604-3F6E-BED1-9DF1F5C165EB}"
EndProject
Project("{FAE04EC0-301F-11D3-BF4B-00C04F79EFBC}") = "SteamVR_Editor", "SteamVR_Editor.csproj", "{104A39E3-BDF8-8B01-6BF7-CFC72471C81E}"
EndProject
Project("{FAE04EC0-301F-11D3-BF4B-00C04F79EFBC}") = "Assembly-CSharp-Editor-firstpass", "Assembly-CSharp-Editor-firstpass.csproj", "{937C25FE-6123-9CED-9ECE-730AB8CB919A}"
EndProject
Project("{FAE04EC0-301F-11D3-BF4B-00C04F79EFBC}") = "SteamVR_Windows_EditorHelper", "SteamVR_Windows_EditorHelper.csproj", "{E73CFE89-5A63-04C2-2156-4C572ADA8A64}"
EndProject
Global
	GlobalSection(SolutionConfigurationPlatforms) = preSolution
		Debug|Any CPU = Debug|Any CPU
		Release|Any CPU = Release|Any CPU
	EndGlobalSection
	GlobalSection(ProjectConfigurationPlatforms) = postSolution
		{4E45F685-4DC3-B315-8141-D02266F3F9D2}.Debug|Any CPU.ActiveCfg = Debug|Any CPU
		{4E45F685-4DC3-B315-8141-D02266F3F9D2}.Debug|Any CPU.Build.0 = Debug|Any CPU
		{4E45F685-4DC3-B315-8141-D02266F3F9D2}.Release|Any CPU.ActiveCfg = Release|Any CPU
		{4E45F685-4DC3-B315-8141-D02266F3F9D2}.Release|Any CPU.Build.0 = Release|Any CPU
		{F5E9CC97-7342-BE0C-DA3A-67E8F904B669}.Debug|Any CPU.ActiveCfg = Debug|Any CPU
		{F5E9CC97-7342-BE0C-DA3A-67E8F904B669}.Debug|Any CPU.Build.0 = Debug|Any CPU
		{F5E9CC97-7342-BE0C-DA3A-67E8F904B669}.Release|Any CPU.ActiveCfg = Release|Any CPU
		{F5E9CC97-7342-BE0C-DA3A-67E8F904B669}.Release|Any CPU.Build.0 = Release|Any CPU
		{5B5F5FAF-CEFA-BC3B-06D4-9D2C2D6D4BD3}.Debug|Any CPU.ActiveCfg = Debug|Any CPU
		{5B5F5FAF-CEFA-BC3B-06D4-9D2C2D6D4BD3}.Debug|Any CPU.Build.0 = Debug|Any CPU
		{5B5F5FAF-CEFA-BC3B-06D4-9D2C2D6D4BD3}.Release|Any CPU.ActiveCfg = Release|Any CPU
		{5B5F5FAF-CEFA-BC3B-06D4-9D2C2D6D4BD3}.Release|Any CPU.Build.0 = Release|Any CPU
		{1F9506EC-1604-3F6E-BED1-9DF1F5C165EB}.Debug|Any CPU.ActiveCfg = Debug|Any CPU
		{1F9506EC-1604-3F6E-BED1-9DF1F5C165EB}.Debug|Any CPU.Build.0 = Debug|Any CPU
		{1F9506EC-1604-3F6E-BED1-9DF1F5C165EB}.Release|Any CPU.ActiveCfg = Release|Any CPU
		{1F9506EC-1604-3F6E-BED1-9DF1F5C165EB}.Release|Any CPU.Build.0 = Release|Any CPU
		{104A39E3-BDF8-8B01-6BF7-CFC72471C81E}.Debug|Any CPU.ActiveCfg = Debug|Any CPU
		{104A39E3-BDF8-8B01-6BF7-CFC72471C81E}.Debug|Any CPU.Build.0 = Debug|Any CPU
		{104A39E3-BDF8-8B01-6BF7-CFC72471C81E}.Release|Any CPU.ActiveCfg = Release|Any CPU
		{104A39E3-BDF8-8B01-6BF7-CFC72471C81E}.Release|Any CPU.Build.0 = Release|Any CPU
		{937C25FE-6123-9CED-9ECE-730AB8CB919A}.Debug|Any CPU.ActiveCfg = Debug|Any CPU
		{937C25FE-6123-9CED-9ECE-730AB8CB919A}.Debug|Any CPU.Build.0 = Debug|Any CPU
		{937C25FE-6123-9CED-9ECE-730AB8CB919A}.Release|Any CPU.ActiveCfg = Release|Any CPU
		{937C25FE-6123-9CED-9ECE-730AB8CB919A}.Release|Any CPU.Build.0 = Release|Any CPU
		{E73CFE89-5A63-04C2-2156-4C572ADA8A64}.Debug|Any CPU.ActiveCfg = Debug|Any CPU
		{E73CFE89-5A63-04C2-2156-4C572ADA8A64}.Debug|Any CPU.Build.0 = Debug|Any CPU
		{E73CFE89-5A63-04C2-2156-4C572ADA8A64}.Release|Any CPU.ActiveCfg = Release|Any CPU
		{E73CFE89-5A63-04C2-2156-4C572ADA8A64}.Release|Any CPU.Build.0 = Release|Any CPU
	EndGlobalSection
	GlobalSection(SolutionProperties) = preSolution
		HideSolutionNode = FALSE
	EndGlobalSection
EndGlobal
